
Microsoft Visual Studio Solution File, Format Version 12.00
# Visual Studio Version 17
VisualStudioVersion = 17.3.32929.385
MinimumVisualStudioVersion = 10.0.40219.1
Project("{9A19103F-16F7-4668-BE54-9A1E7A4F7556}") = "Cosmos.Publisher", "Cosmos.Publisher\Cosmos.Publisher.csproj", "{A6F43FB5-A462-4DD5-80CF-F7A6FC901DA3}"
EndProject
Global
	GlobalSection(SolutionConfigurationPlatforms) = preSolution
		Debug|Any CPU = Debug|Any CPU
		Release|Any CPU = Release|Any CPU
	EndGlobalSection
	GlobalSection(ProjectConfigurationPlatforms) = postSolution
		{A6F43FB5-A462-4DD5-80CF-F7A6FC901DA3}.Debug|Any CPU.ActiveCfg = Debug|Any CPU
		{A6F43FB5-A462-4DD5-80CF-F7A6FC901DA3}.Debug|Any CPU.Build.0 = Debug|Any CPU
		{A6F43FB5-A462-4DD5-80CF-F7A6FC901DA3}.Release|Any CPU.ActiveCfg = Release|Any CPU
		{A6F43FB5-A462-4DD5-80CF-F7A6FC901DA3}.Release|Any CPU.Build.0 = Release|Any CPU
	EndGlobalSection
	GlobalSection(SolutionProperties) = preSolution
		HideSolutionNode = FALSE
	EndGlobalSection
	GlobalSection(ExtensibilityGlobals) = postSolution
		SolutionGuid = {D1B53BF8-9054-431F-AC43-316B28E95D01}
	EndGlobalSection
EndGlobal
